<?xml version="1.0" encoding="utf-8"?>
<Project ToolsVersion="4.0" xmlns="http://schemas.microsoft.com/developer/msbuild/2003">
  <ItemGroup>
    <Filter Include="Source Files">
      <UniqueIdentifier>{4FC737F1-C7A5-4376-A066-2A32D752A2FF}</UniqueIdentifier>
      <Extensions>cpp;c;cc;cxx;def;odl;idl;hpj;bat;asm;asmx</Extensions>
    </Filter>
    <Filter Include="Header Files">
      <UniqueIdentifier>{93995380-89BD-4b04-88EB-625FBE52EBFB}</UniqueIdentifier>
      <Extensions>h;hh;hpp;hxx;hm;inl;inc;xsd</Extensions>
    </Filter>
    <Filter Include="Resource Files">
      <UniqueIdentifier>{67DA6AB6-F800-4c08-8B7A-83BB121AAD01}</UniqueIdentifier>
      <Extensions>rc;ico;cur;bmp;dlg;rc2;rct;bin;rgs;gif;jpg;jpeg;jpe;resx;tiff;tif;png;wav;mfcribbon-ms</Extensions>
    </Filter>
  </ItemGroup>
  <ItemGroup>
    <ClInclude Include="include\MyBuffer.h">
      <Filter>Header Files</Filter>
    </ClInclude>
    <ClInclude Include="include\tdsAllHeaders.h">
      <Filter>Header Files</Filter>
    </ClInclude>
    <ClInclude Include="include\TdsBufferList.h">
      <Filter>Header Files</Filter>
    </ClInclude>
    <ClInclude Include="include\tdsClientRPC.h">
      <Filter>Header Files</Filter>
    </ClInclude>
    <ClInclude Include="include\tdsColumnData.h">
      <Filter>Header Files</Filter>
    </ClInclude>
    <ClInclude Include="include\tdsColumnDataInfo.h">
      <Filter>Header Files</Filter>
    </ClInclude>
    <ClInclude Include="include\tdsCountVarValue.h">
      <Filter>Header Files</Filter>
    </ClInclude>
    <ClInclude Include="include\tdsCryptoMetaData.h">
      <Filter>Header Files</Filter>
    </ClInclude>
    <ClInclude Include="include\tdsEK_INFO.h">
      <Filter>Header Files</Filter>
    </ClInclude>
    <ClInclude Include="include\tdsFedauth.h">
      <Filter>Header Files</Filter>
    </ClInclude>
    <ClInclude Include="include\tdsHeader.h">
      <Filter>Header Files</Filter>
    </ClInclude>
    <ClInclude Include="include\tdsHelper.h">
      <Filter>Header Files</Filter>
    </ClInclude>
    <ClInclude Include="include\tdsPacket.h">
      <Filter>Header Files</Filter>
    </ClInclude>
    <ClInclude Include="include\tdsSqlBatch.h">
      <Filter>Header Files</Filter>
    </ClInclude>
    <ClInclude Include="include\tdsTableName.h">
      <Filter>Header Files</Filter>
    </ClInclude>
    <ClInclude Include="include\tdsToken.h">
      <Filter>Header Files</Filter>
    </ClInclude>
    <ClInclude Include="include\tdsTokenColumnMetaData.h">
      <Filter>Header Files</Filter>
    </ClInclude>
    <ClInclude Include="include\tdsTokenDone.h">
      <Filter>Header Files</Filter>
    </ClInclude>
    <ClInclude Include="include\tdsTokenDoneInproc.h">
      <Filter>Header Files</Filter>
    </ClInclude>
    <ClInclude Include="include\tdsTokenEnvChange.h">
      <Filter>Header Files</Filter>
    </ClInclude>
    <ClInclude Include="include\tdsTokenError.h">
      <Filter>Header Files</Filter>
    </ClInclude>
    <ClInclude Include="include\tdsTokenFeatureExtAck.h">
      <Filter>Header Files</Filter>
    </ClInclude>
    <ClInclude Include="include\tdsTokenFedauthInfo.h">
      <Filter>Header Files</Filter>
    </ClInclude>
    <ClInclude Include="include\tdsTokenInfo.h">
      <Filter>Header Files</Filter>
    </ClInclude>
    <ClInclude Include="include\tdsTokenLoginAck.h">
      <Filter>Header Files</Filter>
    </ClInclude>
    <ClInclude Include="include\tdsTokenNbcRow.h">
      <Filter>Header Files</Filter>
    </ClInclude>
    <ClInclude Include="include\tdsTokenOrder.h">
      <Filter>Header Files</Filter>
    </ClInclude>
    <ClInclude Include="include\tdsTokenRow.h">
      <Filter>Header Files</Filter>
    </ClInclude>
    <ClInclude Include="include\tdsTokenStream.h">
      <Filter>Header Files</Filter>
    </ClInclude>
    <ClInclude Include="include\tdsTypeHelper.h">
      <Filter>Header Files</Filter>
    </ClInclude>
    <ClInclude Include="include\tdsTypeInfo.h">
      <Filter>Header Files</Filter>
    </ClInclude>
    <ClInclude Include="include\tdsLogin7.h">
      <Filter>Header Files</Filter>
    </ClInclude>
    <ClInclude Include="include\tdsPreLogin.h">
      <Filter>Header Files</Filter>
    </ClInclude>
    <ClInclude Include="include\tdsSSPI.h">
      <Filter>Header Files</Filter>
    </ClInclude>
    <ClInclude Include="include\SMP.h">
      <Filter>Header Files</Filter>
    </ClInclude>
    <ClInclude Include="include\TDS.h">
      <Filter>Header Files</Filter>
    </ClInclude>
    <ClInclude Include="include\TDSException.h">
      <Filter>Header Files</Filter>
    </ClInclude>
  </ItemGroup>
  <ItemGroup>
    <ClCompile Include="src\tdsAllHeaders.cpp">
      <Filter>Source Files</Filter>
    </ClCompile>
    <ClCompile Include="src\tdsClientRPC.cpp">
      <Filter>Source Files</Filter>
    </ClCompile>
    <ClCompile Include="src\tdsColumnDataInfo.cpp">
      <Filter>Source Files</Filter>
    </ClCompile>
    <ClCompile Include="src\tdsCountVarValue.cpp">
      <Filter>Source Files</Filter>
    </ClCompile>
    <ClCompile Include="src\tdsCryptoMetaData.cpp">
      <Filter>Source Files</Filter>
    </ClCompile>
    <ClCompile Include="src\tdsEK_INFO.cpp">
      <Filter>Source Files</Filter>
    </ClCompile>
    <ClCompile Include="src\tdsFedauth.cpp">
      <Filter>Source Files</Filter>
    </ClCompile>
    <ClCompile Include="src\tdsHeader.cpp">
      <Filter>Source Files</Filter>
    </ClCompile>
    <ClCompile Include="src\tdsHelper.cpp">
      <Filter>Source Files</Filter>
    </ClCompile>
    <ClCompile Include="src\tdsPacket.cpp">
      <Filter>Source Files</Filter>
    </ClCompile>
    <ClCompile Include="src\tdsSqlBatch.cpp">
      <Filter>Source Files</Filter>
    </ClCompile>
    <ClCompile Include="src\tdsTableName.cpp">
      <Filter>Source Files</Filter>
    </ClCompile>
    <ClCompile Include="src\tdsTokenColumnMetaData.cpp">
      <Filter>Source Files</Filter>
    </ClCompile>
    <ClCompile Include="src\tdsTokenDone.cpp">
      <Filter>Source Files</Filter>
    </ClCompile>
    <ClCompile Include="src\tdsTokenDoneInproc.cpp">
      <Filter>Source Files</Filter>
    </ClCompile>
    <ClCompile Include="src\tdsTokenEnvChange.cpp">
      <Filter>Source Files</Filter>
    </ClCompile>
    <ClCompile Include="src\tdsTokenError.cpp">
      <Filter>Source Files</Filter>
    </ClCompile>
    <ClCompile Include="src\tdsTokenFeatureExtAck.cpp">
      <Filter>Source Files</Filter>
    </ClCompile>
    <ClCompile Include="src\tdsTokenFedauthInfo.cpp">
      <Filter>Source Files</Filter>
    </ClCompile>
    <ClCompile Include="src\tdsTokenInfo.cpp">
      <Filter>Source Files</Filter>
    </ClCompile>
    <ClCompile Include="src\tdsTokenLoginAck.cpp">
      <Filter>Source Files</Filter>
    </ClCompile>
    <ClCompile Include="src\tdsTokenNbcRow.cpp">
      <Filter>Source Files</Filter>
    </ClCompile>
    <ClCompile Include="src\tdsTokenOrder.cpp">
      <Filter>Source Files</Filter>
    </ClCompile>
    <ClCompile Include="src\tdsTokenRow.cpp">
      <Filter>Source Files</Filter>
    </ClCompile>
    <ClCompile Include="src\tdsTokenStream.cpp">
      <Filter>Source Files</Filter>
    </ClCompile>
    <ClCompile Include="src\tdsTypeHelper.cpp">
      <Filter>Source Files</Filter>
    </ClCompile>
    <ClCompile Include="src\tdsTypeInfo.cpp">
      <Filter>Source Files</Filter>
    </ClCompile>
    <ClCompile Include="src\tdsLogin7.cpp">
      <Filter>Source Files</Filter>
    </ClCompile>
    <ClCompile Include="src\tdsPreLogin.cpp">
      <Filter>Source Files</Filter>
    </ClCompile>
    <ClCompile Include="src\tdsSSPI.cpp">
      <Filter>Source Files</Filter>
    </ClCompile>
    <ClCompile Include="src\SMP.cpp">
      <Filter>Source Files</Filter>
    </ClCompile>
    <ClCompile Include="src\TDSException.cpp">
      <Filter>Source Files</Filter>
    </ClCompile>
  </ItemGroup>
</Project>